# Pinned third-party inputs for Phase 3B.1. Consumed by scripts/prepare-deps.sh.
# KEY=value only. No spaces/parentheses so bash `source` and Java Properties both work.

SHERPA_ONNX_SOURCE=https://github.com/k2-fsa/sherpa-onnx
SHERPA_ONNX_TAG=v1.13.8
SHERPA_ONNX_COMMIT=11afbd009a7f8c08f4bcf2fc1b265d0df4670fbf
SHERPA_ONNX_LICENSE=Apache-2.0

SHERPA_ONNX_ANDROID_TAR_URL=https://github.com/k2-fsa/sherpa-onnx/releases/download/v1.13.8/sherpa-onnx-v1.13.8-android.tar.bz2
SHERPA_ONNX_ANDROID_TAR_SHA256=2ff63469a71cb6009aa2e3ed5f4a670f8abdcbe4bb9ffd23776afc792a6b4f44
SHERPA_ONNX_ANDROID_TAR_BYTES=46093321

LIB_JNI_NAME=libsherpa-onnx-jni.so
LIB_JNI_SHA256=3c6492ea91ea68fd3b72b9495efdde6dd913f6b58c387e3b07389cf335f4d26f
LIB_JNI_BYTES=4771760
LIB_ORT_NAME=libonnxruntime.so
LIB_ORT_SHA256=33847ad43bffe204699fd4a27f7f3603452a8cdaf2f9a44983a0bc31ffcf2da1
LIB_ORT_BYTES=22249560

MODEL_NAME=sherpa-onnx-zipformer-vi-30M-int8-2026-02-09
MODEL_ARCHITECTURE=offline-transducer-zipformer
MODEL_LANGUAGE=vi
MODEL_QUANTIZATION=official-int8-encoder-joiner
MODEL_ARCHIVE_URL=https://github.com/k2-fsa/sherpa-onnx/releases/download/asr-models/sherpa-onnx-zipformer-vi-30M-int8-2026-02-09.tar.bz2
MODEL_ARCHIVE_SHA256=da8b637947091829d7ee9eda23da2a4ec7caa399233a3f4e34eb719fb2ea6b9b
MODEL_ARCHIVE_BYTES=26442384

MODEL_ENCODER=encoder.int8.onnx
MODEL_ENCODER_SHA256=8ef5286dd427eb108055c2ddc1982aa31e544706072d5ea228729292dacade68
MODEL_ENCODER_BYTES=27699063
MODEL_DECODER=decoder.onnx
MODEL_DECODER_SHA256=cf2aa385b82c9d5d40cd29c3188af52d0249b3b78f0d4b7eb84ad502d50c7e7f
MODEL_DECODER_BYTES=5165084
MODEL_JOINER=joiner.int8.onnx
MODEL_JOINER_SHA256=7311d2e17b810ecea515d79c71cc4668af8759256a06fa01d27047772320c821
MODEL_JOINER_BYTES=1033417
MODEL_TOKENS=tokens.txt
MODEL_TOKENS_SHA256=ca8171f8bbd516c050b627582f2125c8f5f1f6ed967ab41b0fa9aae2cf61b492
MODEL_TOKENS_BYTES=23238
MODEL_BPE=bpe.model
MODEL_BPE_SHA256=002894e7a82d80ffa5e25008ec8c5496159db804005e2103de96b01b4c13d445
MODEL_BPE_BYTES=268106

KOTLIN_API_BASE_URL=https://raw.githubusercontent.com/k2-fsa/sherpa-onnx/v1.13.8/sherpa-onnx/kotlin-api
KOTLIN_OFFLINE_RECOGNIZER_SHA256=85054fa9722913bce96c94c5c7eaaa7fd99606b79fbfbeac6cfb60040eae2164
KOTLIN_OFFLINE_RECOGNIZER_BYTES=56380
KOTLIN_OFFLINE_STREAM_SHA256=5c90b7c060cdd0a2222cc935b54f69465a4a7544de29240bafe4d3a8d86dbb6e
KOTLIN_OFFLINE_STREAM_BYTES=1080
KOTLIN_FEATURE_CONFIG_SHA256=829c7adc4db1324f21b9a9cbf5bf10eacf759714fe50956f48317c1ffef044f6
KOTLIN_FEATURE_CONFIG_BYTES=301
KOTLIN_HR_CONFIG_SHA256=fe926b6413f4d87e67c41feb21b8363923a67cbd3a5eb687b76390a5f1f7db60
KOTLIN_HR_CONFIG_BYTES=170
KOTLIN_QNN_CONFIG_SHA256=86c963f27677f690eb0d6639735052eba5e60d9f81ccd4c1df0aa831fd680d6f
KOTLIN_QNN_CONFIG_BYTES=156
